# THIS IS AN AUTOGENERATED FILE. DO NOT EDIT THIS FILE DIRECTLY.
# yarn lockfile v1


"@fortawesome/fontawesome-free-webfonts@^1.0.9":
  version "1.0.9"
  resolved "https://registry.yarnpkg.com/@fortawesome/fontawesome-free-webfonts/-/fontawesome-free-webfonts-1.0.9.tgz#72f2c10453422aba0d338fa6a9cb761b50ba24d5"
  integrity sha512-nLgl6b6a+tXaoJJnSRw0hjN8cWM/Q5DhxKAwI9Xr0AiC43lQ2F98vQ1KLA6kw5OoYeAyisGGqmlwtBj0WqOI5Q==

"@fortawesome/fontawesome-free@^5.3.1":
  version "5.3.1"
  resolved "https://registry.yarnpkg.com/@fortawesome/fontawesome-free/-/fontawesome-free-5.3.1.tgz#5466b8f31c1f493a96754c1426c25796d0633dd9"
  integrity sha512-jt6yi7iZVtkY9Jc6zFo+G2vqL4M81pb3IA3WmnnDt9ci7Asz+mPg4gbZL8pjx0nGFBsG0Bmd7BjU9IQkebqxFA==

"@polymer/polymer@^3.0.5":
  version "3.0.5"
  resolved "https://registry.yarnpkg.com/@polymer/polymer/-/polymer-3.0.5.tgz#eaa42e70df7de818b5e1839452c82a5f83e39929"
  integrity sha512-Zbmhtr5vZ3NoHWwFYLKI4ff7yfE6DZopI8vaS7HvmUIuNqsv/EpEDXfNEYjqePQmkMX5LU9OIKV1eX/+9aveow==
  dependencies:
    "@webcomponents/shadycss" "^1.2.0"

"@webcomponents/shadycss@^1.2.0":
  version "1.5.2"
  resolved "https://registry.yarnpkg.com/@webcomponents/shadycss/-/shadycss-1.5.2.tgz#ad72f43000c39ba4ac61e625131f34f4b7cfe55f"
  integrity sha512-0OyrmVc7S+INtzoqP2ofAo+OdVn2Nj0Qvq4wD9FEGN7nMmLRxaD2mzy6hD6EslzxUSuGH302CDU4KXiY66SEqg==

"@webcomponents/webcomponentsjs@^2.1.3":
  version "2.1.3"
  resolved "https://registry.yarnpkg.com/@webcomponents/webcomponentsjs/-/webcomponentsjs-2.1.3.tgz#f7430c6efe52ab06f69d219fddd32afd2758f683"
  integrity sha512-0UHJNY88lR3pnEYtBVT7F8cuuxOiITQGWJa0LxoELqkBSB7IabzJFOj5K99PajD3CGAsWpjB0CAeijfe376Y1w==

mathjax@^2.7.5:
  version "2.7.5"
  resolved "https://registry.yarnpkg.com/mathjax/-/mathjax-2.7.5.tgz#c9c5947f86f9be31651f5f3667d3c9a8bb01efe4"
  integrity sha512-OzsJNitEHAJB3y4IIlPCAvS0yoXwYjlo2Y4kmm9KQzyIBZt2d8yKRalby3uTRNN4fZQiGL2iMXjpdP1u2Rq2DQ==

reveal.js-menu@^1.2.0:
  version "1.2.0"
  resolved "https://registry.yarnpkg.com/reveal.js-menu/-/reveal.js-menu-1.2.0.tgz#b8d8f060a25b933fad253ffb51012662e31b8c0d"
  integrity sha512-jOuMjakDx90GO01Z29Vq6MS3qogjML/qTA14werk/PDj9zpV5Pl0GRLwWq91b20vS1JgYi4sD1POd33deDQAQg==

reveal.js@^3.7.0:
  version "3.7.0"
  resolved "https://registry.yarnpkg.com/reveal.js/-/reveal.js-3.7.0.tgz#7afaf72fd963000381289d58f3aa54c0c46b150c"
  integrity sha512-HTOTNhF5mQAw6fcsptk4oql/DEEUwTG0YHk/LzTNNx0/3IgvOQZqKzvlK/zNpqqKMLlhn1gH9Nvp+FFoc/e5/w==

reveald3@^1.4.4:
  version "1.4.4"
  resolved "https://registry.yarnpkg.com/reveald3/-/reveald3-1.4.4.tgz#f769c3987d9d082c7457281d15b52bf5718be3e9"
  integrity sha512-3H38DU6tkAuD1fGCiz8kx38MIXiCKD25/k+9oY9XLBmJpIB2dv/47dg4Mh4Z9IKnA/LXbzzFdX8a0h5e3mb27Q==
